
Microsoft Visual Studio Solution File, Format Version 12.00
# Visual Studio Version 16
VisualStudioVersion = 16.0.30804.86
MinimumVisualStudioVersion = 10.0.40219.1
Project("{FAE04EC0-301F-11D3-BF4B-00C04F79EFBC}") = "BusinessLogic", "BusinessLogic\BusinessLogic.csproj", "{4AFABFE3-CC1A-4F58-B309-330063BFCB22}"
EndProject
Project("{FAE04EC0-301F-11D3-BF4B-00C04F79EFBC}") = "CUI", "CUI\CUI.csproj", "{5E94E17D-3622-4525-8FB8-E3C48FECC2DB}"
EndProject
Global
	GlobalSection(SolutionConfigurationPlatforms) = preSolution
		Debug|Any CPU = Debug|Any CPU
		Release|Any CPU = Release|Any CPU
	EndGlobalSection
	GlobalSection(ProjectConfigurationPlatforms) = postSolution
		{4AFABFE3-CC1A-4F58-B309-330063BFCB22}.Debug|Any CPU.ActiveCfg = Debug|Any CPU
		{4AFABFE3-CC1A-4F58-B309-330063BFCB22}.Debug|Any CPU.Build.0 = Debug|Any CPU
		{4AFABFE3-CC1A-4F58-B309-330063BFCB22}.Release|Any CPU.ActiveCfg = Release|Any CPU
		{4AFABFE3-CC1A-4F58-B309-330063BFCB22}.Release|Any CPU.Build.0 = Release|Any CPU
		{5E94E17D-3622-4525-8FB8-E3C48FECC2DB}.Debug|Any CPU.ActiveCfg = Debug|Any CPU
		{5E94E17D-3622-4525-8FB8-E3C48FECC2DB}.Debug|Any CPU.Build.0 = Debug|Any CPU
		{5E94E17D-3622-4525-8FB8-E3C48FECC2DB}.Release|Any CPU.ActiveCfg = Release|Any CPU
		{5E94E17D-3622-4525-8FB8-E3C48FECC2DB}.Release|Any CPU.Build.0 = Release|Any CPU
	EndGlobalSection
	GlobalSection(SolutionProperties) = preSolution
		HideSolutionNode = FALSE
	EndGlobalSection
	GlobalSection(ExtensibilityGlobals) = postSolution
		SolutionGuid = {48BE4409-CC36-4AF5-BE76-48595D38F39C}
	EndGlobalSection
EndGlobal
